lockfileVersion: '9.0'

settings:
  autoInstallPeers: true
  excludeLinksFromLockfile: false

importers:

  .:
    dependencies:
      '@albina-euregio/linea':
        specifier: ^8.7.9
        version: 8.7.9
      '@vueuse/core':
        specifier: ^14.2.1
        version: 14.2.1(vue@3.5.29(typescript@5.9.3))
      vue:
        specifier: ^3.5.29
        version: 3.5.29(typescript@5.9.3)
    devDependencies:
      '@vitejs/plugin-vue':
        specifier: ^6.0.4
        version: 6.0.4(vite@8.0.0-beta.16(@emnapi/core@1.10.0)(@emnapi/runtime@1.10.0))(vue@3.5.29(typescript@5.9.3))
      '@vue/tsconfig':
        specifier: ^0.9.0
        version: 0.9.0(typescript@5.9.3)(vue@3.5.29(typescript@5.9.3))
      oxfmt:
        specifier: ^0.36.0
        version: 0.36.0
      typescript:
        specifier: ~5.9.3
        version: 5.9.3
      vite:
        specifier: ^8.0.0-beta.16
        version: 8.0.0-beta.16(@emnapi/core@1.10.0)(@emnapi/runtime@1.10.0)
      vue-tsc:
        specifier: ^3.2.5
        version: 3.2.5(typescript@5.9.3)

packages:

  '@albina-euregio/linea@8.7.9':
    resolution: {integrity: sha1-yYkLlVbq1Wuszg0WiO8yqHzvFGU=, tarball: https://gitlab.com/api/v4/projects/70517866/packages/npm/@albina-euregio/linea/-/@albina-euregio/linea-8.7.9.tgz}

  '@babel/helper-string-parser@7.29.7':
    resolution: {integrity: sha512-Pb5ijPrZ89GDH8223L4UP8i6QApWxs04RbPQJTeWDV0/keR2E36MeKnyr6LYmUUvqRRI+Iv87SuF1W6ErINzYw==}
    engines: {node: '>=6.9.0'}

  '@babel/helper-validator-identifier@7.29.7':
    resolution: {integrity: sha512-qehxGkRj55h/ff8EMaJ+cYhyaKlHIxqYDn682wQD7RNp9UujOQsHog2uS0r2vzr4pW+sXf90NeeayjcNaX3fFg==}
    engines: {node: '>=6.9.0'}

  '@babel/parser@7.29.7':
    resolution: {integrity: sha512-hnORnjP/1P/zFEndoeX+n+t1RwWRJiJpM/jO7FW32Kn9r5+sJB2JWOdYo4L6k78j15eCwY3Gm/7364B1EMwtNg==}
    engines: {node: '>=6.0.0'}
    hasBin: true

  '@babel/types@7.29.7':
    resolution: {integrity: sha512-4zBIxpPzowiZpusoFkyGVwakdRJUyuH5PxQ/PrqghfdFWWasvnCdPfQXHrenDai+gyLARulZjZowCOj6fjT4pA==}
    engines: {node: '>=6.9.0'}

  '@emnapi/core@1.10.0':
    resolution: {integrity: sha512-yq6OkJ4p82CAfPl0u9mQebQHKPJkY7WrIuk205cTYnYe+k2Z8YBh11FrbRG/H6ihirqcacOgl2BIO8oyMQLeXw==}

  '@emnapi/runtime@1.10.0':
    resolution: {integrity: sha512-ewvYlk86xUoGI0zQRNq/mC+16R1QeDlKQy21Ki3oSYXNgLb45GV1P6A0M+/s6nyCuNDqe5VpaY84BzXGwVbwFA==}

  '@emnapi/wasi-threads@1.2.1':
    resolution: {integrity: sha512-uTII7OYF+/Mes/MrcIOYp5yOtSMLBWSIoLPpcgwipoiKbli6k322tcoFsxoIIxPDqW01SQGAgko4EzZi2BNv2w==}

  '@jridgewell/sourcemap-codec@1.5.5':
    resolution: {integrity: sha512-cYQ9310grqxueWbl+WuIUIaiUaDcj7WOq5fVhEljNVgRfOUhY9fy2zTvfoqWsnebh8Sl70VScFbICvJnLKB0Og==}

  '@napi-rs/wasm-runtime@1.1.4':
    resolution: {integrity: sha512-3NQNNgA1YSlJb/kMH1ildASP9HW7/7kYnRI2szWJaofaS1hWmbGI4H+d3+22aGzXXN9IJ+n+GiFVcGipJP18ow==}
    peerDependencies:
      '@emnapi/core': ^1.7.1
      '@emnapi/runtime': ^1.7.1

  '@oxc-project/runtime@0.115.0':
    resolution: {integrity: sha512-Rg8Wlt5dCbXhQnsXPrkOjL1DTSvXLgb2R/KYfnf1/K+R0k6UMLEmbQXPM+kwrWqSmWA2t0B1EtHy2/3zikQpvQ==}
    engines: {node: ^20.19.0 || >=22.12.0}

  '@oxc-project/types@0.115.0':
    resolution: {integrity: sha512-4n91DKnebUS4yjUHl2g3/b2T+IUdCfmoZGhmwsovZCDaJSs+QkVAM+0AqqTxHSsHfeiMuueT75cZaZcT/m0pSw==}

  '@oxfmt/binding-android-arm-eabi@0.36.0':
    resolution: {integrity: sha512-Z4yVHJWx/swHHjtr0dXrBZb6LxS+qNz1qdza222mWwPTUK4L790+5i3LTgjx3KYGBzcYpjaiZBw4vOx94dH7MQ==}
    engines: {node: ^20.19.0 || >=22.12.0}
    cpu: [arm]
    os: [android]

  '@oxfmt/binding-android-arm64@0.36.0':
    resolution: {integrity: sha512-3ElCJRFNPQl7jexf2CAa9XmAm8eC5JPrIDSjc9jSchkVSFTEqyL0NtZinBB2h1a4i4JgP1oGl/5G5n8YR4FN8Q==}
    engines: {node: ^20.19.0 || >=22.12.0}
    cpu: [arm64]
    os: [android]

  '@oxfmt/binding-darwin-arm64@0.36.0':
    resolution: {integrity: sha512-nak4znWCqIExKhYSY/mz/lWsqWIpdsS7o0+SRzXR1Q0m7GrMcG1UrF1pS7TLGZhhkf7nTfEF7q6oZzJiodRDuw==}
    engines: {node: ^20.19.0 || >=22.12.0}
    cpu: [arm64]
    os: [darwin]

  '@oxfmt/binding-darwin-x64@0.36.0':
    resolution: {integrity: sha512-V4GP96thDnpKx6ADnMDnhIXNdtV+Ql9D4HUU+a37VTeVbs5qQSF/s6hhUP1b3xUqU7iRcwh72jUU2Y12rtGHAw==}
    engines: {node: ^20.19.0 || >=22.12.0}
    cpu: [x64]
    os: [darwin]

  '@oxfmt/binding-freebsd-x64@0.36.0':
    resolution: {integrity: sha512-/xapWCADfI5wrhxpEUjhI9fnw7MV5BUZizVa8e24n3VSK6A3Y1TB/ClOP1tfxNspykFKXp4NBWl6NtDJP3osqQ==}
    engines: {node: ^20.19.0 || >=22.12.0}
    cpu: [x64]
    os: [freebsd]

  '@oxfmt/binding-linux-arm-gnueabihf@0.36.0':
    resolution: {integrity: sha512-1lOmv61XMFIH5uNm27620kRRzWt/RK6tdn250BRDoG9W7OXGOQ5UyI1HVT+SFkoOoKztBiinWgi68+NA1MjBVQ==}
    engines: {node: ^20.19.0 || >=22.12.0}
    cpu: [arm]
    os: [linux]

  '@oxfmt/binding-linux-arm-musleabihf@0.36.0':
    resolution: {integrity: sha512-vMH23AskdR1ujUS9sPck2Df9rBVoZUnCVY86jisILzIQ/QQ/yKUTi7tgnIvydPx7TyB/48wsQ5QMr5Knq5p/aw==}
    engines: {node: ^20.19.0 || >=22.12.0}
    cpu: [arm]
    os: [linux]

  '@oxfmt/binding-linux-arm64-gnu@0.36.0':
    resolution: {integrity: sha512-Hy1V+zOBHpBiENRx77qrUTt5aPDHeCASRc8K5KwwAHkX2AKP0nV89eL17hsZrE9GmnXFjsNmd80lyf7aRTXsbw==}
    engines: {node: ^20.19.0 || >=22.12.0}
    cpu: [arm64]
    os: [linux]
    libc: [glibc]

  '@oxfmt/binding-linux-arm64-musl@0.36.0':
    resolution: {integrity: sha512-SPGLJkOIHSIC6ABUQ5V8NqJpvYhMJueJv26NYqfCnwi/Mn6A61amkpJJ9Suy0Nmvs+OWESJpcebrBUbXPGZyQQ==}
    engines: {node: ^20.19.0 || >=22.12.0}
    cpu: [arm64]
    os: [linux]
    libc: [musl]

  '@oxfmt/binding-linux-ppc64-gnu@0.36.0':
    resolution: {integrity: sha512-3EuoyB8x9x8ysYJjbEO/M9fkSk72zQKnXCvpZMDHXlnY36/1qMp55Nm0PrCwjGO/1pen5hdOVkz9WmP3nAp2IQ==}
    engines: {node: ^20.19.0 || >=22.12.0}
    cpu: [ppc64]
    os: [linux]
    libc: [glibc]

  '@oxfmt/binding-linux-riscv64-gnu@0.36.0':
    resolution: {integrity: sha512-MpY3itLwpGh8dnywtrZtaZ604T1m715SydCKy0+qTxetv+IHzuA+aO/AGzrlzUNYZZmtWtmDBrChZGibvZxbRQ==}
    engines: {node: ^20.19.0 || >=22.12.0}
    cpu: [riscv64]
    os: [linux]
    libc: [glibc]

  '@oxfmt/binding-linux-riscv64-musl@0.36.0':
    resolution: {integrity: sha512-mmDhe4Vtx+XwQPRPn/V25+APnkApYgZ23q+6GVsNYY98pf3aU0aI3Me96pbRs/AfJ1jIiGC+/6q71FEu8dHcHw==}
    engines: {node: ^20.19.0 || >=22.12.0}
    cpu: [riscv64]
    os: [linux]
    libc: [musl]

  '@oxfmt/binding-linux-s390x-gnu@0.36.0':
    resolution: {integrity: sha512-AYXhU+DmNWLSnvVwkHM92fuYhogtVHab7UQrPNaDf1sxadugg9gWVmcgJDlIwxJdpk5CVW/TFvwUKwI432zhhA==}
    engines: {node: ^20.19.0 || >=22.12.0}
    cpu: [s390x]
    os: [linux]
    libc: [glibc]

  '@oxfmt/binding-linux-x64-gnu@0.36.0':
    resolution: {integrity: sha512-H16QhhQ3usoakMleiAAQ2mg0NsBDAdyE9agUgfC8IHHh3jZEbr0rIKwjEqwbOHK5M0EmfhJmr+aGO/MgZPsneA==}
    engines: {node: ^20.19.0 || >=22.12.0}
    cpu: [x64]
    os: [linux]
    libc: [glibc]

  '@oxfmt/binding-linux-x64-musl@0.36.0':
    resolution: {integrity: sha512-EFFGkixA39BcmHiCe2ECdrq02D6FCve5ka6ObbvrheXl4V+R0U/E+/uLyVx1X65LW8TA8QQHdnbdDallRekohw==}
    engines: {node: ^20.19.0 || >=22.12.0}
    cpu: [x64]
    os: [linux]
    libc: [musl]

  '@oxfmt/binding-openharmony-arm64@0.36.0':
    resolution: {integrity: sha512-zr/t369wZWFOj1qf06Z5gGNjFymfUNDrxKMmr7FKiDRVI1sNsdKRCuRL4XVjtcptKQ+ao3FfxLN1vrynivmCYg==}
    engines: {node: ^20.19.0 || >=22.12.0}
    cpu: [arm64]
    os: [openharmony]

  '@oxfmt/binding-win32-arm64-msvc@0.36.0':
    resolution: {integrity: sha512-FxO7UksTv8h4olzACgrqAXNF6BP329+H322323iDrMB5V/+a1kcAw07fsOsUmqNrb9iJBsCQgH/zqcqp5903ag==}
    engines: {node: ^20.19.0 || >=22.12.0}
    cpu: [arm64]
    os: [win32]

  '@oxfmt/binding-win32-ia32-msvc@0.36.0':
    resolution: {integrity: sha512-OjoMQ89H01M0oLMfr/CPNH1zi48ZIwxAKObUl57oh7ssUBNDp/2Vjf7E1TQ8M4oj4VFQ/byxl2SmcPNaI2YNDg==}
    engines: {node: ^20.19.0 || >=22.12.0}
    cpu: [ia32]
    os: [win32]

  '@oxfmt/binding-win32-x64-msvc@0.36.0':
    resolution: {integrity: sha512-MoyeQ9S36ZTz/4bDhOKJgOBIDROd4dQ5AkT9iezhEaUBxAPdNX9Oq0jD8OSnCj3G4wam/XNxVWKMA52kmzmPtQ==}
    engines: {node: ^20.19.0 || >=22.12.0}
    cpu: [x64]
    os: [win32]

  '@rolldown/binding-android-arm64@1.0.0-rc.6':
    resolution: {integrity: sha512-kvjTSWGcrv+BaR2vge57rsKiYdVR8V8CoS0vgKrc570qRBfty4bT+1X0z3j2TaVV+kAYzA0PjeB9+mdZyqUZlg==}
    engines: {node: ^20.19.0 || >=22.12.0}
    cpu: [arm64]
    os: [android]

  '@rolldown/binding-darwin-arm64@1.0.0-rc.6':
    resolution: {integrity: sha512-+tJhD21KvGNtUrpLXrZQlT+j5HZKiEwR2qtcZb3vNOUpvoT9QjEykr75ZW/Kr0W89gose/HVXU6351uVZD8Qvw==}
    engines: {node: ^20.19.0 || >=22.12.0}
    cpu: [arm64]
    os: [darwin]

  '@rolldown/binding-darwin-x64@1.0.0-rc.6':
    resolution: {integrity: sha512-DKNhjMk38FAWaHwUt1dFR3rA/qRAvn2NUvSG2UGvxvlMxSmN/qqww/j4ABAbXhNRXtGQNmrAINMXRuwHl16ZHg==}
    engines: {node: ^20.19.0 || >=22.12.0}
    cpu: [x64]
    os: [darwin]

  '@rolldown/binding-freebsd-x64@1.0.0-rc.6':
    resolution: {integrity: sha512-8TThsRkCPAnfyMBShxrGdtoOE6h36QepqRQI97iFaQSCRbHFWHcDHppcojZnzXoruuhPnjMEygzaykvPVJsMRg==}
    engines: {node: ^20.19.0 || >=22.12.0}
    cpu: [x64]
    os: [freebsd]

  '@rolldown/binding-linux-arm-gnueabihf@1.0.0-rc.6':
    resolution: {integrity: sha512-ZfmFoOwPUZCWtGOVC9/qbQzfc0249FrRUOzV2XabSMUV60Crp211OWLQN1zmQAsRIVWRcEwhJ46Z1mXGo/L/nQ==}
    engines: {node: ^20.19.0 || >=22.12.0}
    cpu: [arm]
    os: [linux]

  '@rolldown/binding-linux-arm64-gnu@1.0.0-rc.6':
    resolution: {integrity: sha512-ZsGzbNETxPodGlLTYHaCSGVhNN/rvkMDCJYHdT7PZr5jFJRmBfmDi2awhF64Dt2vxrJqY6VeeYSgOzEbHRsb7Q==}
    engines: {node: ^20.19.0 || >=22.12.0}
    cpu: [arm64]
    os: [linux]
    libc: [glibc]

  '@rolldown/binding-linux-arm64-musl@1.0.0-rc.6':
    resolution: {integrity: sha512-elPpdevtCdUOqziemR86C4CSCr/5sUxalzDrf/CJdMT+kZt2C556as++qHikNOz0vuFf52h+GJNXZM08eWgGPQ==}
    engines: {node: ^20.19.0 || >=22.12.0}
    cpu: [arm64]
    os: [linux]
    libc: [musl]

  '@rolldown/binding-linux-x64-gnu@1.0.0-rc.6':
    resolution: {integrity: sha512-IBwXsf56o3xhzAyaZxdM1CX8UFiBEUFCjiVUgny67Q8vPIqkjzJj0YKhd3TbBHanuxThgBa59f6Pgutg2OGk5A==}
    engines: {node: ^20.19.0 || >=22.12.0}
    cpu: [x64]
    os: [linux]
    libc: [glibc]

  '@rolldown/binding-linux-x64-musl@1.0.0-rc.6':
    resolution: {integrity: sha512-vOk7G8V9Zm+8a6PL6JTpCea61q491oYlGtO6CvnsbhNLlKdf0bbCPytFzGQhYmCKZDKkEbmnkcIprTEGCURnwg==}
    engines: {node: ^20.19.0 || >=22.12.0}
    cpu: [x64]
    os: [linux]
    libc: [musl]

  '@rolldown/binding-openharmony-arm64@1.0.0-rc.6':
    resolution: {integrity: sha512-ASjEDI4MRv7XCQb2JVaBzfEYO98JKCGrAgoW6M03fJzH/ilCnC43Mb3ptB9q/lzsaahoJyIBoAGKAYEjUvpyvQ==}
    engines: {node: ^20.19.0 || >=22.12.0}
    cpu: [arm64]
    os: [openharmony]

  '@rolldown/binding-wasm32-wasi@1.0.0-rc.6':
    resolution: {integrity: sha512-mYa1+h2l6Zc0LvmwUh0oXKKYihnw/1WC73vTqw+IgtfEtv47A+rWzzcWwVDkW73+UDr0d/Ie/HRXoaOY22pQDw==}
    engines: {node: '>=14.0.0'}
    cpu: [wasm32]

  '@rolldown/binding-win32-arm64-msvc@1.0.0-rc.6':
    resolution: {integrity: sha512-e2ABskbNH3MRUBMjgxaMjYIw11DSwjLJxBII3UgpF6WClGLIh8A20kamc+FKH5vIaFVnYQInmcLYSUVpqMPLow==}
    engines: {node: ^20.19.0 || >=22.12.0}
    cpu: [arm64]
    os: [win32]

  '@rolldown/binding-win32-x64-msvc@1.0.0-rc.6':
    resolution: {integrity: sha512-dJVc3ifhaRXxIEh1xowLohzFrlQXkJ66LepHm+CmSprTWgVrPa8Fx3OL57xwIqDEH9hufcKkDX2v65rS3NZyRA==}
    engines: {node: ^20.19.0 || >=22.12.0}
    cpu: [x64]
    os: [win32]

  '@rolldown/pluginutils@1.0.0-rc.2':
    resolution: {integrity: sha512-izyXV/v+cHiRfozX62W9htOAvwMo4/bXKDrQ+vom1L1qRuexPock/7VZDAhnpHCLNejd3NJ6hiab+tO0D44Rgw==}

  '@rolldown/pluginutils@1.0.0-rc.6':
    resolution: {integrity: sha512-Y0+JT8Mi1mmW08K6HieG315XNRu4L0rkfCpA364HtytjgiqYnMYRdFPcxRl+BQQqNXzecL2S9nii+RUpO93XIA==}

  '@tybys/wasm-util@0.10.2':
    resolution: {integrity: sha512-RoBvJ2X0wuKlWFIjrwffGw1IqZHKQqzIchKaadZZfnNpsAYp2mM0h36JtPCjNDAHGgYez/15uMBpfGwchhiMgg==}

  '@types/web-bluetooth@0.0.21':
    resolution: {integrity: sha512-oIQLCGWtcFZy2JW77j9k8nHzAOpqMHLQejDA48XXMWH6tjCQHz5RCFz1bzsmROyL6PUm+LLnUiI4BCn221inxA==}

  '@vitejs/plugin-vue@6.0.4':
    resolution: {integrity: sha512-uM5iXipgYIn13UUQCZNdWkYk+sysBeA97d5mHsAoAt1u/wpN3+zxOmsVJWosuzX+IMGRzeYUNytztrYznboIkQ==}
    engines: {node: ^20.19.0 || >=22.12.0}
    peerDependencies:
      vite: ^5.0.0 || ^6.0.0 || ^7.0.0 || ^8.0.0-0
      vue: ^3.2.25

  '@volar/language-core@2.4.28':
    resolution: {integrity: sha512-w4qhIJ8ZSitgLAkVay6AbcnC7gP3glYM3fYwKV3srj8m494E3xtrCv6E+bWviiK/8hs6e6t1ij1s2Endql7vzQ==}

  '@volar/source-map@2.4.28':
    resolution: {integrity: sha512-yX2BDBqJkRXfKw8my8VarTyjv48QwxdJtvRgUpNE5erCsgEUdI2DsLbpa+rOQVAJYshY99szEcRDmyHbF10ggQ==}

  '@volar/typescript@2.4.28':
    resolution: {integrity: sha512-Ja6yvWrbis2QtN4ClAKreeUZPVYMARDYZl9LMEv1iQ1QdepB6wn0jTRxA9MftYmYa4DQ4k/DaSZpFPUfxl8giw==}

  '@vue/compiler-core@3.5.29':
    resolution: {integrity: sha512-cuzPhD8fwRHk8IGfmYaR4eEe4cAyJEL66Ove/WZL7yWNL134nqLddSLwNRIsFlnnW1kK+p8Ck3viFnC0chXCXw==}

  '@vue/compiler-core@3.5.34':
    resolution: {integrity: sha512-s9cLyK5mLcvZ4Agva5QgRsQyLKvts9WbU9DB6NqiZkkGEdwmcEiylj5Jbwkp680drF/NNCV8OlAJSe+yMLxaJw==}

  '@vue/compiler-dom@3.5.29':
    resolution: {integrity: sha512-n0G5o7R3uBVmVxjTIYcz7ovr8sy7QObFG8OQJ3xGCDNhbG60biP/P5KnyY8NLd81OuT1WJflG7N4KWYHaeeaIg==}

  '@vue/compiler-dom@3.5.34':
    resolution: {integrity: sha512-EbF/T++k0e2MMZlJsBhzK8Sgwt0HcIPOhzn1CTB/lv6sQcyk+OWf8YeiLxZp3ro7MbbLcAfAJ6sEvjFWuNgUCw==}

  '@vue/compiler-sfc@3.5.29':
    resolution: {integrity: sha512-oJZhN5XJs35Gzr50E82jg2cYdZQ78wEwvRO6Y63TvLVTc+6xICzJHP1UIecdSPPYIbkautNBanDiWYa64QSFIA==}

  '@vue/compiler-ssr@3.5.29':
    resolution: {integrity: sha512-Y/ARJZE6fpjzL5GH/phJmsFwx3g6t2KmHKHx5q+MLl2kencADKIrhH5MLF6HHpRMmlRAYBRSvv347Mepf1zVNw==}

  '@vue/language-core@3.2.5':
    resolution: {integrity: sha512-d3OIxN/+KRedeM5wQ6H6NIpwS3P5gC9nmyaHgBk+rO6dIsjY+tOh4UlPpiZbAh3YtLdCGEX4M16RmsBqPmJV+g==}

  '@vue/reactivity@3.5.29':
    resolution: {integrity: sha512-zcrANcrRdcLtmGZETBxWqIkoQei8HaFpZWx/GHKxx79JZsiZ8j1du0VUJtu4eJjgFvU/iKL5lRXFXksVmI+5DA==}

  '@vue/runtime-core@3.5.29':
    resolution: {integrity: sha512-8DpW2QfdwIWOLqtsNcds4s+QgwSaHSJY/SUe04LptianUQ/0xi6KVsu/pYVh+HO3NTVvVJjIPL2t6GdeKbS4Lg==}

  '@vue/runtime-dom@3.5.29':
    resolution: {integrity: sha512-AHvvJEtcY9tw/uk+s/YRLSlxxQnqnAkjqvK25ZiM4CllCZWzElRAoQnCM42m9AHRLNJ6oe2kC5DCgD4AUdlvXg==}

  '@vue/server-renderer@3.5.29':
    resolution: {integrity: sha512-G/1k6WK5MusLlbxSE2YTcqAAezS+VuwHhOvLx2KnQU7G2zCH6KIb+5Wyt6UjMq7a3qPzNEjJXs1hvAxDclQH+g==}
    peerDependencies:
      vue: 3.5.29

  '@vue/shared@3.5.29':
    resolution: {integrity: sha512-w7SR0A5zyRByL9XUkCfdLs7t9XOHUyJ67qPGQjOou3p6GvBeBW+AVjUUmlxtZ4PIYaRvE+1LmK44O4uajlZwcg==}

  '@vue/shared@3.5.34':
    resolution: {integrity: sha512-24uqU4OIiX29ryC3MeWid/Xf2fa2EFRUVLb77nRhk+UrTVrh/XiGtFAFmJBAtBRbjwNdsPRP+jj/OL27Eg1NDA==}

  '@vue/tsconfig@0.9.0':
    resolution: {integrity: sha512-RP+v9Cpbsk1ZVXltCHHkYBr7+624x6gcijJXVjIcsYk7JXqvIpRtMwU2ARLvWDhmy9ffdFYxhsfJnPztADBohQ==}
    peerDependencies:
      typescript: 5.x
      vue: ^3.4.0
    peerDependenciesMeta:
      typescript:
        optional: true
      vue:
        optional: true

  '@vueuse/core@14.2.1':
    resolution: {integrity: sha512-3vwDzV+GDUNpdegRY6kzpLm4Igptq+GA0QkJ3W61Iv27YWwW/ufSlOfgQIpN6FZRMG0mkaz4gglJRtq5SeJyIQ==}
    peerDependencies:
      vue: ^3.5.0

  '@vueuse/metadata@14.2.1':
    resolution: {integrity: sha512-1ButlVtj5Sb/HDtIy1HFr1VqCP4G6Ypqt5MAo0lCgjokrk2mvQKsK2uuy0vqu/Ks+sHfuHo0B9Y9jn9xKdjZsw==}

  '@vueuse/shared@14.2.1':
    resolution: {integrity: sha512-shTJncjV9JTI4oVNyF1FQonetYAiTBd+Qj7cY89SWbXSkx7gyhrgtEdF2ZAVWS1S3SHlaROO6F2IesJxQEkZBw==}
    peerDependencies:
      vue: ^3.5.0

  air-datepicker@3.6.0:
    resolution: {integrity: sha512-+txUkqa949rXBJDmkQAIb/GehZECJYF4rm9XJxVYtEX22C9WvBpE/XwCUQZBopKIkpg4ycAySJ9lH3JOg9qQTw==}

  alien-signals@3.2.1:
    resolution: {integrity: sha512-I8FjmltrfnDFoZedi5CG8DghVYNhzb/Ijluz7tCSJH0xpd0484Kowhbb1XDYOxfJpU1p5wnM2X54dA+IfGyD1g==}

  csstype@3.2.3:
    resolution: {integrity: sha512-z1HGKcYy2xA8AGQfwrn0PAy+PB7X/GSj3UVJW9qKyn43xWa+gl5nXmU4qqLMRzWVLFC8KusUX8T/0kCiOYpAIQ==}

  detect-libc@2.1.2:
    resolution: {integrity: sha512-Btj2BOOO83o3WyH59e8MgXsxEQVcarkUOpEYrubB0urwnN10yQ364rsiByU11nZlqWYZm05i/of7io4mzihBtQ==}
    engines: {node: '>=8'}

  entities@7.0.1:
    resolution: {integrity: sha512-TWrgLOFUQTH994YUyl1yT4uyavY5nNB5muff+RtWaqNVCAK408b5ZnnbNAUEWLTCpum9w6arT70i1XdQ4UeOPA==}
    engines: {node: '>=0.12'}

  estree-walker@2.0.2:
    resolution: {integrity: sha512-Rfkk/Mp/DL7JVje3u18FxFujQlTNR2q6QfMSMB7AvCBx91NGj/ba3kCfza0f6dVDbw7YlRf/nDrn7pQrCCyQ/w==}

  fdir@6.5.0:
    resolution: {integrity: sha512-tIbYtZbucOs0BRGqPJkshJUYdL+SDH7dVM8gjy+ERp3WAUjLEFJE+02kanyHtwjWOnwrKYBiwAmM0p4kLJAnXg==}
    engines: {node: '>=12.0.0'}
    peerDependencies:
      picomatch: ^3 || ^4
    peerDependenciesMeta:
      picomatch:
        optional: true

  fsevents@2.3.3:
    resolution: {integrity: sha512-5xoDfX+fL7faATnagmWPpbFtwh/R77WmMMqqHGS65C3vvB0YHrgF+B1YmZ3441tMj5n63k0212XNoJwzlhffQw==}
    engines: {node: ^8.16.0 || ^10.6.0 || >=11.0.0}
    os: [darwin]

  lightningcss-android-arm64@1.32.0:
    resolution: {integrity: sha512-YK7/ClTt4kAK0vo6w3X+Pnm0D2cf2vPHbhOXdoNti1Ga0al1P4TBZhwjATvjNwLEBCnKvjJc2jQgHXH0NEwlAg==}
    engines: {node: '>= 12.0.0'}
    cpu: [arm64]
    os: [android]

  lightningcss-darwin-arm64@1.32.0:
    resolution: {integrity: sha512-RzeG9Ju5bag2Bv1/lwlVJvBE3q6TtXskdZLLCyfg5pt+HLz9BqlICO7LZM7VHNTTn/5PRhHFBSjk5lc4cmscPQ==}
    engines: {node: '>= 12.0.0'}
    cpu: [arm64]
    os: [darwin]

  lightningcss-darwin-x64@1.32.0:
    resolution: {integrity: sha512-U+QsBp2m/s2wqpUYT/6wnlagdZbtZdndSmut/NJqlCcMLTWp5muCrID+K5UJ6jqD2BFshejCYXniPDbNh73V8w==}
    engines: {node: '>= 12.0.0'}
    cpu: [x64]
    os: [darwin]

  lightningcss-freebsd-x64@1.32.0:
    resolution: {integrity: sha512-JCTigedEksZk3tHTTthnMdVfGf61Fky8Ji2E4YjUTEQX14xiy/lTzXnu1vwiZe3bYe0q+SpsSH/CTeDXK6WHig==}
    engines: {node: '>= 12.0.0'}
    cpu: [x64]
    os: [freebsd]

  lightningcss-linux-arm-gnueabihf@1.32.0:
    resolution: {integrity: sha512-x6rnnpRa2GL0zQOkt6rts3YDPzduLpWvwAF6EMhXFVZXD4tPrBkEFqzGowzCsIWsPjqSK+tyNEODUBXeeVHSkw==}
    engines: {node: '>= 12.0.0'}
    cpu: [arm]
    os: [linux]

  lightningcss-linux-arm64-gnu@1.32.0:
    resolution: {integrity: sha512-0nnMyoyOLRJXfbMOilaSRcLH3Jw5z9HDNGfT/gwCPgaDjnx0i8w7vBzFLFR1f6CMLKF8gVbebmkUN3fa/kQJpQ==}
    engines: {node: '>= 12.0.0'}
    cpu: [arm64]
    os: [linux]
    libc: [glibc]

  lightningcss-linux-arm64-musl@1.32.0:
    resolution: {integrity: sha512-UpQkoenr4UJEzgVIYpI80lDFvRmPVg6oqboNHfoH4CQIfNA+HOrZ7Mo7KZP02dC6LjghPQJeBsvXhJod/wnIBg==}
    engines: {node: '>= 12.0.0'}
    cpu: [arm64]
    os: [linux]
    libc: [musl]

  lightningcss-linux-x64-gnu@1.32.0:
    resolution: {integrity: sha512-V7Qr52IhZmdKPVr+Vtw8o+WLsQJYCTd8loIfpDaMRWGUZfBOYEJeyJIkqGIDMZPwPx24pUMfwSxxI8phr/MbOA==}
    engines: {node: '>= 12.0.0'}
    cpu: [x64]
    os: [linux]
    libc: [glibc]

  lightningcss-linux-x64-musl@1.32.0:
    resolution: {integrity: sha512-bYcLp+Vb0awsiXg/80uCRezCYHNg1/l3mt0gzHnWV9XP1W5sKa5/TCdGWaR/zBM2PeF/HbsQv/j2URNOiVuxWg==}
    engines: {node: '>= 12.0.0'}
    cpu: [x64]
    os: [linux]
    libc: [musl]

  lightningcss-win32-arm64-msvc@1.32.0:
    resolution: {integrity: sha512-8SbC8BR40pS6baCM8sbtYDSwEVQd4JlFTOlaD3gWGHfThTcABnNDBda6eTZeqbofalIJhFx0qKzgHJmcPTnGdw==}
    engines: {node: '>= 12.0.0'}
    cpu: [arm64]
    os: [win32]

  lightningcss-win32-x64-msvc@1.32.0:
    resolution: {integrity: sha512-Amq9B/SoZYdDi1kFrojnoqPLxYhQ4Wo5XiL8EVJrVsB8ARoC1PWW6VGtT0WKCemjy8aC+louJnjS7U18x3b06Q==}
    engines: {node: '>= 12.0.0'}
    cpu: [x64]
    os: [win32]

  lightningcss@1.32.0:
    resolution: {integrity: sha512-NXYBzinNrblfraPGyrbPoD19C1h9lfI/1mzgWYvXUTe414Gz/X1FD2XBZSZM7rRTrMA8JL3OtAaGifrIKhQ5yQ==}
    engines: {node: '>= 12.0.0'}

  magic-string@0.30.21:
    resolution: {integrity: sha512-vd2F4YUyEXKGcLHoq+TEyCjxueSeHnFxyyjNp80yg0XV4vUhnDer/lvvlqM/arB5bXQN5K2/3oinyCRyx8T2CQ==}

  muggle-string@0.4.1:
    resolution: {integrity: sha512-VNTrAak/KhO2i8dqqnqnAHOa3cYBwXEZe9h+D5h/1ZqFSTEFHdM65lR7RoIqq3tBBYavsOXV84NoHXZ0AkPyqQ==}

  nanoid@3.3.12:
    resolution: {integrity: sha512-ZB9RH/39qpq5Vu6Y+NmUaFhQR6pp+M2Xt76XBnEwDaGcVAqhlvxrl3B2bKS5D3NH3QR76v3aSrKaF/Kiy7lEtQ==}
    engines: {node: ^10 || ^12 || ^13.7 || ^14 || >=15.0.1}
    hasBin: true

  oxfmt@0.36.0:
    resolution: {integrity: sha512-/ejJ+KoSW6J9bcNT9a9UtJSJNWhJ3yOLSBLbkoFHJs/8CZjmaZVZAJe4YgO1KMJlKpNQasrn/G9JQUEZI3p0EQ==}
    engines: {node: ^20.19.0 || >=22.12.0}
    hasBin: true

  path-browserify@1.0.1:
    resolution: {integrity: sha512-b7uo2UCUOYZcnF/3ID0lulOJi/bafxa1xPe7ZPsammBSpjSWQkjNxlt635YGS2MiR9GjvuXCtz2emr3jbsz98g==}

  picocolors@1.1.1:
    resolution: {integrity: sha512-xceH2snhtb5M9liqDsmEw56le376mTZkEX/jEb/RxNFyegNul7eNslCXP9FDj/Lcu0X8KEyMceP2ntpaHrDEVA==}

  picomatch@4.0.4:
    resolution: {integrity: sha512-QP88BAKvMam/3NxH6vj2o21R6MjxZUAd6nlwAS/pnGvN9IVLocLHxGYIzFhg6fUQ+5th6P4dv4eW9jX3DSIj7A==}
    engines: {node: '>=12'}

  postcss@8.5.15:
    resolution: {integrity: sha512-FfR8sjd4em2T6fb3I2MwAJU7HWVMr9zba+enmQeeWFfCbm+UOC/0X4DS8XtpUTMwWMGbjKYP7xjfNekzyGmB3A==}
    engines: {node: ^10 || ^12 || >=14}

  rolldown@1.0.0-rc.6:
    resolution: {integrity: sha512-B8vFPV1ADyegoYfhg+E7RAucYKv0xdVlwYYsIJgfPNeiSxZGWNxts9RqhyGzC11ULK/VaeXyKezGCwpMiH8Ktw==}
    engines: {node: ^20.19.0 || >=22.12.0}
    hasBin: true

  source-map-js@1.2.1:
    resolution: {integrity: sha512-UXWMKhLOwVKb728IUtQPXxfYU+usdybtUrK/8uGE8CQMvrhOpwvzDBwj0QhSL7MQc7vIsISBG8VQ8+IDQxpfQA==}
    engines: {node: '>=0.10.0'}

  temporal-polyfill@0.3.2:
    resolution: {integrity: sha512-TzHthD/heRK947GNiSu3Y5gSPpeUDH34+LESnfsq8bqpFhsB79HFBX8+Z834IVX68P3EUyRPZK5bL/1fh437Eg==}

  temporal-spec@0.3.1:
    resolution: {integrity: sha512-B4TUhezh9knfSIMwt7RVggApDRJZo73uZdj8AacL2mZ8RP5KtLianh2MXxL06GN9ESYiIsiuoLQhgVfwe55Yhw==}

  tinyglobby@0.2.16:
    resolution: {integrity: sha512-pn99VhoACYR8nFHhxqix+uvsbXineAasWm5ojXoN8xEwK5Kd3/TrhNn1wByuD52UxWRLy8pu+kRMniEi6Eq9Zg==}
    engines: {node: '>=12.0.0'}

  tinypool@2.1.0:
    resolution: {integrity: sha512-Pugqs6M0m7Lv1I7FtxN4aoyToKg1C4tu+/381vH35y8oENM/Ai7f7C4StcoK4/+BSw9ebcS8jRiVrORFKCALLw==}
    engines: {node: ^20.0.0 || >=22.0.0}

  tslib@2.8.1:
    resolution: {integrity: sha512-oJFu94HQb+KVduSUQL7wnpmqnfmLsOA/nAh6b6EH0wCEoK0/mPeXU6c3wKDV83MkOuHPRHtSXKKU99IBazS/2w==}

  typescript@5.9.3:
    resolution: {integrity: sha512-jl1vZzPDinLr9eUt3J/t7V6FgNEw9QjvBPdysz9KfQDD41fQrC2Y4vKQdiaUpFT4bXlb1RHhLpp8wtm6M5TgSw==}
    engines: {node: '>=14.17'}
    hasBin: true

  uplot@1.6.32:
    resolution: {integrity: sha512-KIMVnG68zvu5XXUbC4LQEPnhwOxBuLyW1AHtpm6IKTXImkbLgkMy+jabjLgSLMasNuGGzQm/ep3tOkyTxpiQIw==}

  vite@8.0.0-beta.16:
    resolution: {integrity: sha512-c0t7hYkxsjws89HH+BUFh/sL3BpPNhNsL9CJrTpMxBmwKQBRSa5OJ5w4o9O0bQVI/H/vx7UpUUIevvXa37NS/Q==}
    engines: {node: ^20.19.0 || >=22.12.0}
    hasBin: true
    peerDependencies:
      '@types/node': ^20.19.0 || >=22.12.0
      '@vitejs/devtools': ^0.0.0-alpha.31
      esbuild: ^0.27.0
      jiti: '>=1.21.0'
      less: ^4.0.0
      sass: ^1.70.0
      sass-embedded: ^1.70.0
      stylus: '>=0.54.8'
      sugarss: ^5.0.0
      terser: ^5.16.0
      tsx: ^4.8.1
      yaml: ^2.4.2
    peerDependenciesMeta:
      '@types/node':
        optional: true
      '@vitejs/devtools':
        optional: true
      esbuild:
        optional: true
      jiti:
        optional: true
      less:
        optional: true
      sass:
        optional: true
      sass-embedded:
        optional: true
      stylus:
        optional: true
      sugarss:
        optional: true
      terser:
        optional: true
      tsx:
        optional: true
      yaml:
        optional: true

  vscode-uri@3.1.0:
    resolution: {integrity: sha512-/BpdSx+yCQGnCvecbyXdxHDkuk55/G3xwnC0GqY4gmQ3j+A+g8kzzgB4Nk/SINjqn6+waqw3EgbVF2QKExkRxQ==}

  vue-tsc@3.2.5:
    resolution: {integrity: sha512-/htfTCMluQ+P2FISGAooul8kO4JMheOTCbCy4M6dYnYYjqLe3BExZudAua6MSIKSFYQtFOYAll7XobYwcpokGA==}
    hasBin: true
    peerDependencies:
      typescript: '>=5.0.0'

  vue@3.5.29:
    resolution: {integrity: sha512-BZqN4Ze6mDQVNAni0IHeMJ5mwr8VAJ3MQC9FmprRhcBYENw+wOAAjRj8jfmN6FLl0j96OXbR+CjWhmAmM+QGnA==}
    peerDependencies:
      typescript: '*'
    peerDependenciesMeta:
      typescript:
        optional: true

  zod@4.4.3:
    resolution: {integrity: sha512-ytENFjIJFl2UwYglde2jchW2Hwm4GJFLDiSXWdTrJQBIN9Fcyp7n4DhxJEiWNAJMV1/BqWfW/kkg71UDcHJyTQ==}

snapshots:

  '@albina-euregio/linea@8.7.9':
    dependencies:
      air-datepicker: 3.6.0
      temporal-polyfill: 0.3.2
      uplot: 1.6.32
      zod: 4.4.3

  '@babel/helper-string-parser@7.29.7': {}

  '@babel/helper-validator-identifier@7.29.7': {}

  '@babel/parser@7.29.7':
    dependencies:
      '@babel/types': 7.29.7

  '@babel/types@7.29.7':
    dependencies:
      '@babel/helper-string-parser': 7.29.7
      '@babel/helper-validator-identifier': 7.29.7

  '@emnapi/core@1.10.0':
    dependencies:
      '@emnapi/wasi-threads': 1.2.1
      tslib: 2.8.1
    optional: true

  '@emnapi/runtime@1.10.0':
    dependencies:
      tslib: 2.8.1
    optional: true

  '@emnapi/wasi-threads@1.2.1':
    dependencies:
      tslib: 2.8.1
    optional: true

  '@jridgewell/sourcemap-codec@1.5.5': {}

  '@napi-rs/wasm-runtime@1.1.4(@emnapi/core@1.10.0)(@emnapi/runtime@1.10.0)':
    dependencies:
      '@emnapi/core': 1.10.0
      '@emnapi/runtime': 1.10.0
      '@tybys/wasm-util': 0.10.2
    optional: true

  '@oxc-project/runtime@0.115.0': {}

  '@oxc-project/types@0.115.0': {}

  '@oxfmt/binding-android-arm-eabi@0.36.0':
    optional: true

  '@oxfmt/binding-android-arm64@0.36.0':
    optional: true

  '@oxfmt/binding-darwin-arm64@0.36.0':
    optional: true

  '@oxfmt/binding-darwin-x64@0.36.0':
    optional: true

  '@oxfmt/binding-freebsd-x64@0.36.0':
    optional: true

  '@oxfmt/binding-linux-arm-gnueabihf@0.36.0':
    optional: true

  '@oxfmt/binding-linux-arm-musleabihf@0.36.0':
    optional: true

  '@oxfmt/binding-linux-arm64-gnu@0.36.0':
    optional: true

  '@oxfmt/binding-linux-arm64-musl@0.36.0':
    optional: true

  '@oxfmt/binding-linux-ppc64-gnu@0.36.0':
    optional: true

  '@oxfmt/binding-linux-riscv64-gnu@0.36.0':
    optional: true

  '@oxfmt/binding-linux-riscv64-musl@0.36.0':
    optional: true

  '@oxfmt/binding-linux-s390x-gnu@0.36.0':
    optional: true

  '@oxfmt/binding-linux-x64-gnu@0.36.0':
    optional: true

  '@oxfmt/binding-linux-x64-musl@0.36.0':
    optional: true

  '@oxfmt/binding-openharmony-arm64@0.36.0':
    optional: true

  '@oxfmt/binding-win32-arm64-msvc@0.36.0':
    optional: true

  '@oxfmt/binding-win32-ia32-msvc@0.36.0':
    optional: true

  '@oxfmt/binding-win32-x64-msvc@0.36.0':
    optional: true

  '@rolldown/binding-android-arm64@1.0.0-rc.6':
    optional: true

  '@rolldown/binding-darwin-arm64@1.0.0-rc.6':
    optional: true

  '@rolldown/binding-darwin-x64@1.0.0-rc.6':
    optional: true

  '@rolldown/binding-freebsd-x64@1.0.0-rc.6':
    optional: true

  '@rolldown/binding-linux-arm-gnueabihf@1.0.0-rc.6':
    optional: true

  '@rolldown/binding-linux-arm64-gnu@1.0.0-rc.6':
    optional: true

  '@rolldown/binding-linux-arm64-musl@1.0.0-rc.6':
    optional: true

  '@rolldown/binding-linux-x64-gnu@1.0.0-rc.6':
    optional: true

  '@rolldown/binding-linux-x64-musl@1.0.0-rc.6':
    optional: true

  '@rolldown/binding-openharmony-arm64@1.0.0-rc.6':
    optional: true

  '@rolldown/binding-wasm32-wasi@1.0.0-rc.6(@emnapi/core@1.10.0)(@emnapi/runtime@1.10.0)':
    dependencies:
      '@napi-rs/wasm-runtime': 1.1.4(@emnapi/core@1.10.0)(@emnapi/runtime@1.10.0)
    transitivePeerDependencies:
      - '@emnapi/core'
      - '@emnapi/runtime'
    optional: true

  '@rolldown/binding-win32-arm64-msvc@1.0.0-rc.6':
    optional: true

  '@rolldown/binding-win32-x64-msvc@1.0.0-rc.6':
    optional: true

  '@rolldown/pluginutils@1.0.0-rc.2': {}

  '@rolldown/pluginutils@1.0.0-rc.6': {}

  '@tybys/wasm-util@0.10.2':
    dependencies:
      tslib: 2.8.1
    optional: true

  '@types/web-bluetooth@0.0.21': {}

  '@vitejs/plugin-vue@6.0.4(vite@8.0.0-beta.16(@emnapi/core@1.10.0)(@emnapi/runtime@1.10.0))(vue@3.5.29(typescript@5.9.3))':
    dependencies:
      '@rolldown/pluginutils': 1.0.0-rc.2
      vite: 8.0.0-beta.16(@emnapi/core@1.10.0)(@emnapi/runtime@1.10.0)
      vue: 3.5.29(typescript@5.9.3)

  '@volar/language-core@2.4.28':
    dependencies:
      '@volar/source-map': 2.4.28

  '@volar/source-map@2.4.28': {}

  '@volar/typescript@2.4.28':
    dependencies:
      '@volar/language-core': 2.4.28
      path-browserify: 1.0.1
      vscode-uri: 3.1.0

  '@vue/compiler-core@3.5.29':
    dependencies:
      '@babel/parser': 7.29.7
      '@vue/shared': 3.5.29
      entities: 7.0.1
      estree-walker: 2.0.2
      source-map-js: 1.2.1

  '@vue/compiler-core@3.5.34':
    dependencies:
      '@babel/parser': 7.29.7
      '@vue/shared': 3.5.34
      entities: 7.0.1
      estree-walker: 2.0.2
      source-map-js: 1.2.1

  '@vue/compiler-dom@3.5.29':
    dependencies:
      '@vue/compiler-core': 3.5.29
      '@vue/shared': 3.5.29

  '@vue/compiler-dom@3.5.34':
    dependencies:
      '@vue/compiler-core': 3.5.34
      '@vue/shared': 3.5.34

  '@vue/compiler-sfc@3.5.29':
    dependencies:
      '@babel/parser': 7.29.7
      '@vue/compiler-core': 3.5.29
      '@vue/compiler-dom': 3.5.29
      '@vue/compiler-ssr': 3.5.29
      '@vue/shared': 3.5.29
      estree-walker: 2.0.2
      magic-string: 0.30.21
      postcss: 8.5.15
      source-map-js: 1.2.1

  '@vue/compiler-ssr@3.5.29':
    dependencies:
      '@vue/compiler-dom': 3.5.29
      '@vue/shared': 3.5.29

  '@vue/language-core@3.2.5':
    dependencies:
      '@volar/language-core': 2.4.28
      '@vue/compiler-dom': 3.5.34
      '@vue/shared': 3.5.34
      alien-signals: 3.2.1
      muggle-string: 0.4.1
      path-browserify: 1.0.1
      picomatch: 4.0.4

  '@vue/reactivity@3.5.29':
    dependencies:
      '@vue/shared': 3.5.29

  '@vue/runtime-core@3.5.29':
    dependencies:
      '@vue/reactivity': 3.5.29
      '@vue/shared': 3.5.29

  '@vue/runtime-dom@3.5.29':
    dependencies:
      '@vue/reactivity': 3.5.29
      '@vue/runtime-core': 3.5.29
      '@vue/shared': 3.5.29
      csstype: 3.2.3

  '@vue/server-renderer@3.5.29(vue@3.5.29(typescript@5.9.3))':
    dependencies:
      '@vue/compiler-ssr': 3.5.29
      '@vue/shared': 3.5.29
      vue: 3.5.29(typescript@5.9.3)

  '@vue/shared@3.5.29': {}

  '@vue/shared@3.5.34': {}

  '@vue/tsconfig@0.9.0(typescript@5.9.3)(vue@3.5.29(typescript@5.9.3))':
    optionalDependencies:
      typescript: 5.9.3
      vue: 3.5.29(typescript@5.9.3)

  '@vueuse/core@14.2.1(vue@3.5.29(typescript@5.9.3))':
    dependencies:
      '@types/web-bluetooth': 0.0.21
      '@vueuse/metadata': 14.2.1
      '@vueuse/shared': 14.2.1(vue@3.5.29(typescript@5.9.3))
      vue: 3.5.29(typescript@5.9.3)

  '@vueuse/metadata@14.2.1': {}

  '@vueuse/shared@14.2.1(vue@3.5.29(typescript@5.9.3))':
    dependencies:
      vue: 3.5.29(typescript@5.9.3)

  air-datepicker@3.6.0: {}

  alien-signals@3.2.1: {}

  csstype@3.2.3: {}

  detect-libc@2.1.2: {}

  entities@7.0.1: {}

  estree-walker@2.0.2: {}

  fdir@6.5.0(picomatch@4.0.4):
    optionalDependencies:
      picomatch: 4.0.4

  fsevents@2.3.3:
    optional: true

  lightningcss-android-arm64@1.32.0:
    optional: true

  lightningcss-darwin-arm64@1.32.0:
    optional: true

  lightningcss-darwin-x64@1.32.0:
    optional: true

  lightningcss-freebsd-x64@1.32.0:
    optional: true

  lightningcss-linux-arm-gnueabihf@1.32.0:
    optional: true

  lightningcss-linux-arm64-gnu@1.32.0:
    optional: true

  lightningcss-linux-arm64-musl@1.32.0:
    optional: true

  lightningcss-linux-x64-gnu@1.32.0:
    optional: true

  lightningcss-linux-x64-musl@1.32.0:
    optional: true

  lightningcss-win32-arm64-msvc@1.32.0:
    optional: true

  lightningcss-win32-x64-msvc@1.32.0:
    optional: true

  lightningcss@1.32.0:
    dependencies:
      detect-libc: 2.1.2
    optionalDependencies:
      lightningcss-android-arm64: 1.32.0
      lightningcss-darwin-arm64: 1.32.0
      lightningcss-darwin-x64: 1.32.0
      lightningcss-freebsd-x64: 1.32.0
      lightningcss-linux-arm-gnueabihf: 1.32.0
      lightningcss-linux-arm64-gnu: 1.32.0
      lightningcss-linux-arm64-musl: 1.32.0
      lightningcss-linux-x64-gnu: 1.32.0
      lightningcss-linux-x64-musl: 1.32.0
      lightningcss-win32-arm64-msvc: 1.32.0
      lightningcss-win32-x64-msvc: 1.32.0

  magic-string@0.30.21:
    dependencies:
      '@jridgewell/sourcemap-codec': 1.5.5

  muggle-string@0.4.1: {}

  nanoid@3.3.12: {}

  oxfmt@0.36.0:
    dependencies:
      tinypool: 2.1.0
    optionalDependencies:
      '@oxfmt/binding-android-arm-eabi': 0.36.0
      '@oxfmt/binding-android-arm64': 0.36.0
      '@oxfmt/binding-darwin-arm64': 0.36.0
      '@oxfmt/binding-darwin-x64': 0.36.0
      '@oxfmt/binding-freebsd-x64': 0.36.0
      '@oxfmt/binding-linux-arm-gnueabihf': 0.36.0
      '@oxfmt/binding-linux-arm-musleabihf': 0.36.0
      '@oxfmt/binding-linux-arm64-gnu': 0.36.0
      '@oxfmt/binding-linux-arm64-musl': 0.36.0
      '@oxfmt/binding-linux-ppc64-gnu': 0.36.0
      '@oxfmt/binding-linux-riscv64-gnu': 0.36.0
      '@oxfmt/binding-linux-riscv64-musl': 0.36.0
      '@oxfmt/binding-linux-s390x-gnu': 0.36.0
      '@oxfmt/binding-linux-x64-gnu': 0.36.0
      '@oxfmt/binding-linux-x64-musl': 0.36.0
      '@oxfmt/binding-openharmony-arm64': 0.36.0
      '@oxfmt/binding-win32-arm64-msvc': 0.36.0
      '@oxfmt/binding-win32-ia32-msvc': 0.36.0
      '@oxfmt/binding-win32-x64-msvc': 0.36.0

  path-browserify@1.0.1: {}

  picocolors@1.1.1: {}

  picomatch@4.0.4: {}

  postcss@8.5.15:
    dependencies:
      nanoid: 3.3.12
      picocolors: 1.1.1
      source-map-js: 1.2.1

  rolldown@1.0.0-rc.6(@emnapi/core@1.10.0)(@emnapi/runtime@1.10.0):
    dependencies:
      '@oxc-project/types': 0.115.0
      '@rolldown/pluginutils': 1.0.0-rc.6
    optionalDependencies:
      '@rolldown/binding-android-arm64': 1.0.0-rc.6
      '@rolldown/binding-darwin-arm64': 1.0.0-rc.6
      '@rolldown/binding-darwin-x64': 1.0.0-rc.6
      '@rolldown/binding-freebsd-x64': 1.0.0-rc.6
      '@rolldown/binding-linux-arm-gnueabihf': 1.0.0-rc.6
      '@rolldown/binding-linux-arm64-gnu': 1.0.0-rc.6
      '@rolldown/binding-linux-arm64-musl': 1.0.0-rc.6
      '@rolldown/binding-linux-x64-gnu': 1.0.0-rc.6
      '@rolldown/binding-linux-x64-musl': 1.0.0-rc.6
      '@rolldown/binding-openharmony-arm64': 1.0.0-rc.6
      '@rolldown/binding-wasm32-wasi': 1.0.0-rc.6(@emnapi/core@1.10.0)(@emnapi/runtime@1.10.0)
      '@rolldown/binding-win32-arm64-msvc': 1.0.0-rc.6
      '@rolldown/binding-win32-x64-msvc': 1.0.0-rc.6
    transitivePeerDependencies:
      - '@emnapi/core'
      - '@emnapi/runtime'

  source-map-js@1.2.1: {}

  temporal-polyfill@0.3.2:
    dependencies:
      temporal-spec: 0.3.1

  temporal-spec@0.3.1: {}

  tinyglobby@0.2.16:
    dependencies:
      fdir: 6.5.0(picomatch@4.0.4)
      picomatch: 4.0.4

  tinypool@2.1.0: {}

  tslib@2.8.1:
    optional: true

  typescript@5.9.3: {}

  uplot@1.6.32: {}

  vite@8.0.0-beta.16(@emnapi/core@1.10.0)(@emnapi/runtime@1.10.0):
    dependencies:
      '@oxc-project/runtime': 0.115.0
      lightningcss: 1.32.0
      picomatch: 4.0.4
      postcss: 8.5.15
      rolldown: 1.0.0-rc.6(@emnapi/core@1.10.0)(@emnapi/runtime@1.10.0)
      tinyglobby: 0.2.16
    optionalDependencies:
      fsevents: 2.3.3
    transitivePeerDependencies:
      - '@emnapi/core'
      - '@emnapi/runtime'

  vscode-uri@3.1.0: {}

  vue-tsc@3.2.5(typescript@5.9.3):
    dependencies:
      '@volar/typescript': 2.4.28
      '@vue/language-core': 3.2.5
      typescript: 5.9.3

  vue@3.5.29(typescript@5.9.3):
    dependencies:
      '@vue/compiler-dom': 3.5.29
      '@vue/compiler-sfc': 3.5.29
      '@vue/runtime-dom': 3.5.29
      '@vue/server-renderer': 3.5.29(vue@3.5.29(typescript@5.9.3))
      '@vue/shared': 3.5.29
    optionalDependencies:
      typescript: 5.9.3

  zod@4.4.3: {}
